<?xml version="1.0" encoding="UTF-8"?>
<Scheme
   LastUpgradeVersion = "0730"
   version = "1.3">
   <BuildAction
      parallelizeBuildables = "YES"
      buildImplicitDependencies = "YES">
      <BuildActionEntries>
         <BuildActionEntry
            buildForTesting = "YES"
            buildForRunning = "YES"
            buildForProfiling = "YES"
            buildForArchiving = "YES"
            buildForAnalyzing = "YES">
            <BuildableReference
               BuildableIdentifier = "primary"
               BlueprintIdentifier = "8148446A1CBCA8FF008831D2"
               BuildableName = "KVO(&#x952e;&#x503c;&#x89c2;&#x5bdf;).app"
               BlueprintName = "KVO(&#x952e;&#x503c;&#x89c2;&#x5bdf;)"
               ReferencedContainer = "container:KVO(&#x952e;&#x503c;&#x89c2;&#x5bdf;).xcodeproj">
            </BuildableReference>
         </BuildActionEntry>
      </BuildActionEntries>
   </BuildAction>
   <TestAction
      buildConfiguration = "Debug"
      selectedDebuggerIdentifier = "Xcode.DebuggerFoundation.Debugger.LLDB"
      selectedLauncherIdentifier = "Xcode.DebuggerFoundation.Launcher.LLDB"
      shouldUseLaunchSchemeArgsEnv = "YES">
      <Testables>
         <TestableReference
            skipped = "NO">
            <BuildableReference
               BuildableIdentifier = "primary"
               BlueprintIdentifier = "814844831CBCA8FF008831D2"
               BuildableName = "KVO(&#x952e;&#x503c;&#x89c2;&#x5bdf;)Tests.xctest"
               BlueprintName = "KVO(&#x952e;&#x503c;&#x89c2;&#x5bdf;)Tests"
               ReferencedContainer = "container:KVO(&#x952e;&#x503c;&#x89c2;&#x5bdf;).xcodeproj">
            </BuildableReference>
         </TestableReference>
         <TestableReference
            skipped = "NO">
            <BuildableReference
               BuildableIdentifier = "primary"
               BlueprintIdentifier = "8148448E1CBCA8FF008831D2"
               BuildableName = "KVO(&#x952e;&#x503c;&#x89c2;&#x5bdf;)UITests.xctest"
               BlueprintName = "KVO(&#x952e;&#x503c;&#x89c2;&#x5bdf;)UITests"
               ReferencedContainer = "container:KVO(&#x952e;&#x503c;&#x89c2;&#x5bdf;).xcodeproj">
            </BuildableReference>
         </TestableReference>
      </Testables>
      <MacroExpansion>
         <BuildableReference
            BuildableIdentifier = "primary"
            BlueprintIdentifier = "8148446A1CBCA8FF008831D2"
            BuildableName = "KVO(&#x952e;&#x503c;&#x89c2;&#x5bdf;).app"
            BlueprintName = "KVO(&#x952e;&#x503c;&#x89c2;&#x5bdf;)"
            ReferencedContainer = "container:KVO(&#x952e;&#x503c;&#x89c2;&#x5bdf;).xcodeproj">
         </BuildableReference>
      </MacroExpansion>
      <AdditionalOptions>
      </AdditionalOptions>
   </TestAction>
   <LaunchAction
      buildConfiguration = "Debug"
      selectedDebuggerIdentifier = "Xcode.DebuggerFoundation.Debugger.LLDB"
      selectedLauncherIdentifier = "Xcode.DebuggerFoundation.Launcher.LLDB"
      launchStyle = "0"
      useCustomWorkingDirectory = "NO"
      ignoresPersistentStateOnLaunch = "NO"
      debugDocumentVersioning = "YES"
      debugServiceExtension = "internal"
      allowLocationSimulation = "YES">
      <BuildableProductRunnable
         runnableDebuggingMode = "0">
         <BuildableReference
            BuildableIdentifier = "primary"
            BlueprintIdentifier = "8148446A1CBCA8FF008831D2"
            BuildableName = "KVO(&#x952e;&#x503c;&#x89c2;&#x5bdf;).app"
            BlueprintName = "KVO(&#x952e;&#x503c;&#x89c2;&#x5bdf;)"
            ReferencedContainer = "container:KVO(&#x952e;&#x503c;&#x89c2;&#x5bdf;).xcodeproj">
         </BuildableReference>
      </BuildableProductRunnable>
      <AdditionalOptions>
      </AdditionalOptions>
   </LaunchAction>
   <ProfileAction
      buildConfiguration = "Release"
      shouldUseLaunchSchemeArgsEnv = "YES"
      savedToolIdentifier = ""
      useCustomWorkingDirectory = "NO"
      debugDocumentVersioning = "YES">
      <BuildableProductRunnable
         runnableDebuggingMode = "0">
         <BuildableReference
            BuildableIdentifier = "primary"
            BlueprintIdentifier = "8148446A1CBCA8FF008831D2"
            BuildableName = "KVO(&#x952e;&#x503c;&#x89c2;&#x5bdf;).app"
            BlueprintName = "KVO(&#x952e;&#x503c;&#x89c2;&#x5bdf;)"
            ReferencedContainer = "container:KVO(&#x952e;&#x503c;&#x89c2;&#x5bdf;).xcodeproj">
         </BuildableReference>
      </BuildableProductRunnable>
   </ProfileAction>
   <AnalyzeAction
      buildConfiguration = "Debug">
   </AnalyzeAction>
   <ArchiveAction
      buildConfiguration = "Release"
      revealArchiveInOrganizer = "YES">
   </ArchiveAction>
</Scheme>
